// !$*UTF8*$!
{
	archiveVersion = 1;
	classes = {
	};
	objectVersion = 51;
	objects = {

/* Begin PBXBuildFile section */
		CE5DDBA925123D8500E61679 /* UIViewControllerExtension .swift in Sources */ = {isa = PBXBuildFile; fileRef = CE5DDBA825123D8500E61679 /* UIViewControllerExtension .swift */; };
		CEC90FBA250F715900A1607F /* AppDelegate.swift in Sources */ = {isa = PBXBuildFile; fileRef = CEC90FB9250F715900A1607F /* AppDelegate.swift */; };
		CEC90FBC250F715900A1607F /* SceneDelegate.swift in Sources */ = {isa = PBXBuildFile; fileRef = CEC90FBB250F715900A1607F /* SceneDelegate.swift */; };
		CEC90FBE250F715900A1607F /* CategoriesViewController.swift in Sources */ = {isa = PBXBuildFile; fileRef = CEC90FBD250F715900A1607F /* CategoriesViewController.swift */; };
		CEC90FC1250F715900A1607F /* Main.storyboard in Resources */ = {isa = PBXBuildFile; fileRef = CEC90FBF250F715900A1607F /* Main.storyboard */; };
		CEC90FC4250F715900A1607F /* BinkRecipes.xcdatamodeld in Sources */ = {isa = PBXBuildFile; fileRef = CEC90FC2250F715900A1607F /* BinkRecipes.xcdatamodeld */; };
		CEC90FC6250F715C00A1607F /* Assets.xcassets in Resources */ = {isa = PBXBuildFile; fileRef = CEC90FC5250F715C00A1607F /* Assets.xcassets */; };
		CEC90FC9250F715C00A1607F /* LaunchScreen.storyboard in Resources */ = {isa = PBXBuildFile; fileRef = CEC90FC7250F715C00A1607F /* LaunchScreen.storyboard */; };
		CEC90FD4250F715C00A1607F /* BinkRecipesTests.swift in Sources */ = {isa = PBXBuildFile; fileRef = CEC90FD3250F715C00A1607F /* BinkRecipesTests.swift */; };
		CEC90FED250F72A400A1607F /* Services.swift in Sources */ = {isa = PBXBuildFile; fileRef = CEC90FEC250F72A400A1607F /* Services.swift */; };
		CEC90FF4250F7B2900A1607F /* MealDB.swift in Sources */ = {isa = PBXBuildFile; fileRef = CEC90FF3250F7B2900A1607F /* MealDB.swift */; };
		CEC90FF6250F83B800A1607F /* CategoryCollectionViewCell.swift in Sources */ = {isa = PBXBuildFile; fileRef = CEC90FF5250F83B800A1607F /* CategoryCollectionViewCell.swift */; };
		CEC90FF8250F978A00A1607F /* CategoryViewModel.swift in Sources */ = {isa = PBXBuildFile; fileRef = CEC90FF7250F978A00A1607F /* CategoryViewModel.swift */; };
		CEC90FFA250FB3A500A1607F /* MealTableViewCell.swift in Sources */ = {isa = PBXBuildFile; fileRef = CEC90FF9250FB3A500A1607F /* MealTableViewCell.swift */; };
		CEC90FFC250FB3C300A1607F /* MealsViewController.swift in Sources */ = {isa = PBXBuildFile; fileRef = CEC90FFB250FB3C300A1607F /* MealsViewController.swift */; };
		CEC90FFE250FB4B100A1607F /* MealViewModel.swift in Sources */ = {isa = PBXBuildFile; fileRef = CEC90FFD250FB4B100A1607F /* MealViewModel.swift */; };
		CEC91000250FC86000A1607F /* MealDetailViewController.swift in Sources */ = {isa = PBXBuildFile; fileRef = CEC90FFF250FC86000A1607F /* MealDetailViewController.swift */; };
		CEC91002250FCBF200A1607F /* RecipeViewModel.swift in Sources */ = {isa = PBXBuildFile; fileRef = CEC91001250FCBF200A1607F /* RecipeViewModel.swift */; };
		D06DB8F334BC0D9D58C3273A /* Pods_BinkRecipesTests.framework in Frameworks */ = {isa = PBXBuildFile; fileRef = 3B9D898D2CC47B34C93DB08F /* Pods_BinkRecipesTests.framework */; };
		F3B09B655BC9BAB1B8D97920 /* Pods_BinkRecipes.framework in Frameworks */ = {isa = PBXBuildFile; fileRef = 926E1E048D5D6286BCBA8C92 /* Pods_BinkRecipes.framework */; };
/* End PBXBuildFile section */

/* Begin PBXContainerItemProxy section */
		CEC90FD0250F715C00A1607F /* PBXContainerItemProxy */ = {
			isa = PBXContainerItemProxy;
			containerPortal = CEC90FAE250F715900A1607F /* Project object */;
			proxyType = 1;
			remoteGlobalIDString = CEC90FB5250F715900A1607F;
			remoteInfo = BinkRecipes;
		};
/* End PBXContainerItemProxy section */

/* Begin PBXFileReference section */
		1591E49AD8EBDF8F2F40B194 /* Pods-BinkRecipes.release.xcconfig */ = {isa = PBXFileReference; includeInIndex = 1; lastKnownFileType = text.xcconfig; name = "Pods-BinkRecipes.release.xcconfig"; path = "Target Support Files/Pods-BinkRecipes/Pods-BinkRecipes.release.xcconfig"; sourceTree = "<group>"; };
		19299FE21F800F8E41620DE5 /* Pods_BinkRecipes_BinkRecipesUITests.framework */ = {isa = PBXFileReference; explicitFileType = wrapper.framework; includeInIndex = 0; path = Pods_BinkRecipes_BinkRecipesUITests.framework; sourceTree = BUILT_PRODUCTS_DIR; };
		1F6B622A53E1F6669B65E104 /* Pods-BinkRecipes-BinkRecipesUITests.debug.xcconfig */ = {isa = PBXFileReference; includeInIndex = 1; lastKnownFileType = text.xcconfig; name = "Pods-BinkRecipes-BinkRecipesUITests.debug.xcconfig"; path = "Target Support Files/Pods-BinkRecipes-BinkRecipesUITests/Pods-BinkRecipes-BinkRecipesUITests.debug.xcconfig"; sourceTree = "<group>"; };
		2189507BF6712F90E63A6304 /* Pods-BinkRecipesTests.release.xcconfig */ = {isa = PBXFileReference; includeInIndex = 1; lastKnownFileType = text.xcconfig; name = "Pods-BinkRecipesTests.release.xcconfig"; path = "Target Support Files/Pods-BinkRecipesTests/Pods-BinkRecipesTests.release.xcconfig"; sourceTree = "<group>"; };
		3B9D898D2CC47B34C93DB08F /* Pods_BinkRecipesTests.framework */ = {isa = PBXFileReference; explicitFileType = wrapper.framework; includeInIndex = 0; path = Pods_BinkRecipesTests.framework; sourceTree = BUILT_PRODUCTS_DIR; };
		7009445EE7118094AD2E8D42 /* Pods-BinkRecipesTests.debug.xcconfig */ = {isa = PBXFileReference; includeInIndex = 1; lastKnownFileType = text.xcconfig; name = "Pods-BinkRecipesTests.debug.xcconfig"; path = "Target Support Files/Pods-BinkRecipesTests/Pods-BinkRecipesTests.debug.xcconfig"; sourceTree = "<group>"; };
		9229A8E72ED581025C1C010D /* Pods-BinkRecipes.debug.xcconfig */ = {isa = PBXFileReference; includeInIndex = 1; lastKnownFileType = text.xcconfig; name = "Pods-BinkRecipes.debug.xcconfig"; path = "Target Support Files/Pods-BinkRecipes/Pods-BinkRecipes.debug.xcconfig"; sourceTree = "<group>"; };
		926E1E048D5D6286BCBA8C92 /* Pods_BinkRecipes.framework */ = {isa = PBXFileReference; explicitFileType = wrapper.framework; includeInIndex = 0; path = Pods_BinkRecipes.framework; sourceTree = BUILT_PRODUCTS_DIR; };
		A1AB1EFF493BA1FDFDB4EA33 /* Pods-BinkRecipes-BinkRecipesUITests.release.xcconfig */ = {isa = PBXFileReference; includeInIndex = 1; lastKnownFileType = text.xcconfig; name = "Pods-BinkRecipes-BinkRecipesUITests.release.xcconfig"; path = "Target Support Files/Pods-BinkRecipes-BinkRecipesUITests/Pods-BinkRecipes-BinkRecipesUITests.release.xcconfig"; sourceTree = "<group>"; };
		CE5DDBA825123D8500E61679 /* UIViewControllerExtension .swift */ = {isa = PBXFileReference; lastKnownFileType = sourcecode.swift; path = "UIViewControllerExtension .swift"; sourceTree = "<group>"; };
		CEC90FB6250F715900A1607F /* BinkRecipes.app */ = {isa = PBXFileReference; explicitFileType = wrapper.application; includeInIndex = 0; path = BinkRecipes.app; sourceTree = BUILT_PRODUCTS_DIR; };
		CEC90FB9250F715900A1607F /* AppDelegate.swift */ = {isa = PBXFileReference; lastKnownFileType = sourcecode.swift; path = AppDelegate.swift; sourceTree = "<group>"; };
		CEC90FBB250F715900A1607F /* SceneDelegate.swift */ = {isa = PBXFileReference; lastKnownFileType = sourcecode.swift; path = SceneDelegate.swift; sourceTree = "<group>"; };
		CEC90FBD250F715900A1607F /* CategoriesViewController.swift */ = {isa = PBXFileReference; lastKnownFileType = sourcecode.swift; path = CategoriesViewController.swift; sourceTree = "<group>"; };
		CEC90FC0250F715900A1607F /* Base */ = {isa = PBXFileReference; lastKnownFileType = file.storyboard; name = Base; path = Base.lproj/Main.storyboard; sourceTree = "<group>"; };
		CEC90FC3250F715900A1607F /* BinkRecipes.xcdatamodel */ = {isa = PBXFileReference; lastKnownFileType = wrapper.xcdatamodel; path = BinkRecipes.xcdatamodel; sourceTree = "<group>"; };
		CEC90FC5250F715C00A1607F /* Assets.xcassets */ = {isa = PBXFileReference; lastKnownFileType = folder.assetcatalog; path = Assets.xcassets; sourceTree = "<group>"; };
		CEC90FC8250F715C00A1607F /* Base */ = {isa = PBXFileReference; lastKnownFileType = file.storyboard; name = Base; path = Base.lproj/LaunchScreen.storyboard; sourceTree = "<group>"; };
		CEC90FCA250F715C00A1607F /* Info.plist */ = {isa = PBXFileReference; lastKnownFileType = text.plist.xml; path = Info.plist; sourceTree = "<group>"; };
		CEC90FCF250F715C00A1607F /* BinkRecipesTests.xctest */ = {isa = PBXFileReference; explicitFileType = wrapper.cfbundle; includeInIndex = 0; path = BinkRecipesTests.xctest; sourceTree = BUILT_PRODUCTS_DIR; };
		CEC90FD3250F715C00A1607F /* BinkRecipesTests.swift */ = {isa = PBXFileReference; lastKnownFileType = sourcecode.swift; path = BinkRecipesTests.swift; sourceTree = "<group>"; };
		CEC90FD5250F715C00A1607F /* Info.plist */ = {isa = PBXFileReference; lastKnownFileType = text.plist.xml; path = Info.plist; sourceTree = "<group>"; };
		CEC90FEC250F72A400A1607F /* Services.swift */ = {isa = PBXFileReference; lastKnownFileType = sourcecode.swift; path = Services.swift; sourceTree = "<group>"; };
		CEC90FF3250F7B2900A1607F /* MealDB.swift */ = {isa = PBXFileReference; lastKnownFileType = sourcecode.swift; path = MealDB.swift; sourceTree = "<group>"; };
		CEC90FF5250F83B800A1607F /* CategoryCollectionViewCell.swift */ = {isa = PBXFileReference; lastKnownFileType = sourcecode.swift; path = CategoryCollectionViewCell.swift; sourceTree = "<group>"; };
		CEC90FF7250F978A00A1607F /* CategoryViewModel.swift */ = {isa = PBXFileReference; lastKnownFileType = sourcecode.swift; path = CategoryViewModel.swift; sourceTree = "<group>"; };
		CEC90FF9250FB3A500A1607F /* MealTableViewCell.swift */ = {isa = PBXFileReference; lastKnownFileType = sourcecode.swift; path = MealTableViewCell.swift; sourceTree = "<group>"; };
		CEC90FFB250FB3C300A1607F /* MealsViewController.swift */ = {isa = PBXFileReference; lastKnownFileType = sourcecode.swift; path = MealsViewController.swift; sourceTree = "<group>"; };
		CEC90FFD250FB4B100A1607F /* MealViewModel.swift */ = {isa = PBXFileReference; lastKnownFileType = sourcecode.swift; path = MealViewModel.swift; sourceTree = "<group>"; };
		CEC90FFF250FC86000A1607F /* MealDetailViewController.swift */ = {isa = PBXFileReference; lastKnownFileType = sourcecode.swift; path = MealDetailViewController.swift; sourceTree = "<group>"; };
		CEC91001250FCBF200A1607F /* RecipeViewModel.swift */ = {isa = PBXFileReference; lastKnownFileType = sourcecode.swift; path = RecipeViewModel.swift; sourceTree = "<group>"; };
/* End PBXFileReference section */

/* Begin PBXFrameworksBuildPhase section */
		CEC90FB3250F715900A1607F /* Frameworks */ = {
			isa = PBXFrameworksBuildPhase;
			buildActionMask = 2147483647;
			files = (
				F3B09B655BC9BAB1B8D97920 /* Pods_BinkRecipes.framework in Frameworks */,
			);
			runOnlyForDeploymentPostprocessing = 0;
		};
		CEC90FCC250F715C00A1607F /* Frameworks */ = {
			isa = PBXFrameworksBuildPhase;
			buildActionMask = 2147483647;
			files = (
				D06DB8F334BC0D9D58C3273A /* Pods_BinkRecipesTests.framework in Frameworks */,
			);
			runOnlyForDeploymentPostprocessing = 0;
		};
/* End PBXFrameworksBuildPhase section */

/* Begin PBXGroup section */
		98B0DC0E833C9932EC0CBA94 /* Pods */ = {
			isa = PBXGroup;
			children = (
				9229A8E72ED581025C1C010D /* Pods-BinkRecipes.debug.xcconfig */,
				1591E49AD8EBDF8F2F40B194 /* Pods-BinkRecipes.release.xcconfig */,
				1F6B622A53E1F6669B65E104 /* Pods-BinkRecipes-BinkRecipesUITests.debug.xcconfig */,
				A1AB1EFF493BA1FDFDB4EA33 /* Pods-BinkRecipes-BinkRecipesUITests.release.xcconfig */,
				7009445EE7118094AD2E8D42 /* Pods-BinkRecipesTests.debug.xcconfig */,
				2189507BF6712F90E63A6304 /* Pods-BinkRecipesTests.release.xcconfig */,
			);
			path = Pods;
			sourceTree = "<group>";
		};
		C1141222BC7124E10AFF363F /* Frameworks */ = {
			isa = PBXGroup;
			children = (
				926E1E048D5D6286BCBA8C92 /* Pods_BinkRecipes.framework */,
				19299FE21F800F8E41620DE5 /* Pods_BinkRecipes_BinkRecipesUITests.framework */,
				3B9D898D2CC47B34C93DB08F /* Pods_BinkRecipesTests.framework */,
			);
			name = Frameworks;
			sourceTree = "<group>";
		};
		CEC90FAD250F715900A1607F = {
			isa = PBXGroup;
			children = (
				CEC90FB8250F715900A1607F /* BinkRecipes */,
				CEC90FD2250F715C00A1607F /* BinkRecipesTests */,
				CEC90FB7250F715900A1607F /* Products */,
				98B0DC0E833C9932EC0CBA94 /* Pods */,
				C1141222BC7124E10AFF363F /* Frameworks */,
			);
			sourceTree = "<group>";
		};
		CEC90FB7250F715900A1607F /* Products */ = {
			isa = PBXGroup;
			children = (
				CEC90FB6250F715900A1607F /* BinkRecipes.app */,
				CEC90FCF250F715C00A1607F /* BinkRecipesTests.xctest */,
			);
			name = Products;
			sourceTree = "<group>";
		};
		CEC90FB8250F715900A1607F /* BinkRecipes */ = {
			isa = PBXGroup;
			children = (
				CEC90FB9250F715900A1607F /* AppDelegate.swift */,
				CEC90FBB250F715900A1607F /* SceneDelegate.swift */,
				CEC90FC2250F715900A1607F /* BinkRecipes.xcdatamodeld */,
				CEC90FF2250F733100A1607F /* ViewModel */,
				CEC90FF1250F72DF00A1607F /* Model */,
				CEC90FF0250F72CB00A1607F /* View */,
				CEC90FEF250F72B500A1607F /* Controller */,
				CEC90FEE250F72AB00A1607F /* Service */,
				CEC90FCA250F715C00A1607F /* Info.plist */,
				CEC90FC7250F715C00A1607F /* LaunchScreen.storyboard */,
				CEC90FBF250F715900A1607F /* Main.storyboard */,
				CEC90FC5250F715C00A1607F /* Assets.xcassets */,
			);
			path = BinkRecipes;
			sourceTree = "<group>";
		};
		CEC90FD2250F715C00A1607F /* BinkRecipesTests */ = {
			isa = PBXGroup;
			children = (
				CEC90FD3250F715C00A1607F /* BinkRecipesTests.swift */,
				CEC90FD5250F715C00A1607F /* Info.plist */,
			);
			path = BinkRecipesTests;
			sourceTree = "<group>";
		};
		CEC90FEE250F72AB00A1607F /* Service */ = {
			isa = PBXGroup;
			children = (
				CEC90FEC250F72A400A1607F /* Services.swift */,
			);
			path = Service;
			sourceTree = "<group>";
		};
		CEC90FEF250F72B500A1607F /* Controller */ = {
			isa = PBXGroup;
			children = (
				CEC90FBD250F715900A1607F /* CategoriesViewController.swift */,
				CEC90FFB250FB3C300A1607F /* MealsViewController.swift */,
				CEC90FFF250FC86000A1607F /* MealDetailViewController.swift */,
				CE5DDBA825123D8500E61679 /* UIViewControllerExtension .swift */,
			);
			path = Controller;
			sourceTree = "<group>";
		};
		CEC90FF0250F72CB00A1607F /* View */ = {
			isa = PBXGroup;
			children = (
				CEC90FF5250F83B800A1607F /* CategoryCollectionViewCell.swift */,
				CEC90FF9250FB3A500A1607F /* MealTableViewCell.swift */,
			);
			path = View;
			sourceTree = "<group>";
		};
		CEC90FF1250F72DF00A1607F /* Model */ = {
			isa = PBXGroup;
			children = (
				CEC90FF3250F7B2900A1607F /* MealDB.swift */,
			);
			path = Model;
			sourceTree = "<group>";
		};
		CEC90FF2250F733100A1607F /* ViewModel */ = {
			isa = PBXGroup;
			children = (
				CEC90FF7250F978A00A1607F /* CategoryViewModel.swift */,
				CEC90FFD250FB4B100A1607F /* MealViewModel.swift */,
				CEC91001250FCBF200A1607F /* RecipeViewModel.swift */,
			);
			path = ViewModel;
			sourceTree = "<group>";
		};
/* End PBXGroup section */

/* Begin PBXNativeTarget section */
		CEC90FB5250F715900A1607F /* BinkRecipes */ = {
			isa = PBXNativeTarget;
			buildConfigurationList = CEC90FE3250F715C00A1607F /* Build configuration list for PBXNativeTarget "BinkRecipes" */;
			buildPhases = (
				5260B0A0B62E7C28CD27DFC8 /* [CP] Check Pods Manifest.lock */,
				CEC90FB2250F715900A1607F /* Sources */,
				CEC90FB3250F715900A1607F /* Frameworks */,
				CEC90FB4250F715900A1607F /* Resources */,
				16A82BFF9226198889EAD3D1 /* [CP] Embed Pods Frameworks */,
			);
			buildRules = (
			);
			dependencies = (
			);
			name = BinkRecipes;
			productName = BinkRecipes;
			productReference = CEC90FB6250F715900A1607F /* BinkRecipes.app */;
			productType = "com.apple.product-type.application";
		};
		CEC90FCE250F715C00A1607F /* BinkRecipesTests */ = {
			isa = PBXNativeTarget;
			buildConfigurationList = CEC90FE6250F715C00A1607F /* Build configuration list for PBXNativeTarget "BinkRecipesTests" */;
			buildPhases = (
				F7E236E747ADD210731C4495 /* [CP] Check Pods Manifest.lock */,
				CEC90FCB250F715C00A1607F /* Sources */,
				CEC90FCC250F715C00A1607F /* Frameworks */,
				CEC90FCD250F715C00A1607F /* Resources */,
			);
			buildRules = (
			);
			dependencies = (
				CEC90FD1250F715C00A1607F /* PBXTargetDependency */,
			);
			name = BinkRecipesTests;
			productName = BinkRecipesTests;
			productReference = CEC90FCF250F715C00A1607F /* BinkRecipesTests.xctest */;
			productType = "com.apple.product-type.bundle.unit-test";
		};
/* End PBXNativeTarget section */

/* Begin PBXProject section */
		CEC90FAE250F715900A1607F /* Project object */ = {
			isa = PBXProject;
			attributes = {
				LastSwiftUpdateCheck = 1160;
				LastUpgradeCheck = 1160;
				ORGANIZATIONNAME = "Sean Williams";
				TargetAttributes = {
					CEC90FB5250F715900A1607F = {
						CreatedOnToolsVersion = 11.6;
					};
					CEC90FCE250F715C00A1607F = {
						CreatedOnToolsVersion = 11.6;
						TestTargetID = CEC90FB5250F715900A1607F;
					};
				};
			};
			buildConfigurationList = CEC90FB1250F715900A1607F /* Build configuration list for PBXProject "BinkRecipes" */;
			compatibilityVersion = "Xcode 9.3";
			developmentRegion = en;
			hasScannedForEncodings = 0;
			knownRegions = (
				en,
				Base,
			);
			mainGroup = CEC90FAD250F715900A1607F;
			productRefGroup = CEC90FB7250F715900A1607F /* Products */;
			projectDirPath = "";
			projectRoot = "";
			targets = (
				CEC90FB5250F715900A1607F /* BinkRecipes */,
				CEC90FCE250F715C00A1607F /* BinkRecipesTests */,
			);
		};
/* End PBXProject section */

/* Begin PBXResourcesBuildPhase section */
		CEC90FB4250F715900A1607F /* Resources */ = {
			isa = PBXResourcesBuildPhase;
			buildActionMask = 2147483647;
			files = (
				CEC90FC9250F715C00A1607F /* LaunchScreen.storyboard in Resources */,
				CEC90FC6250F715C00A1607F /* Assets.xcassets in Resources */,
				CEC90FC1250F715900A1607F /* Main.storyboard in Resources */,
			);
			runOnlyForDeploymentPostprocessing = 0;
		};
		CEC90FCD250F715C00A1607F /* Resources */ = {
			isa = PBXResourcesBuildPhase;
			buildActionMask = 2147483647;
			files = (
			);
			runOnlyForDeploymentPostprocessing = 0;
		};
/* End PBXResourcesBuildPhase section */

/* Begin PBXShellScriptBuildPhase section */
		16A82BFF9226198889EAD3D1 /* [CP] Embed Pods Frameworks */ = {
			isa = PBXShellScriptBuildPhase;
			buildActionMask = 2147483647;
			files = (
			);
			inputFileListPaths = (
				"${PODS_ROOT}/Target Support Files/Pods-BinkRecipes/Pods-BinkRecipes-frameworks-${CONFIGURATION}-input-files.xcfilelist",
			);
			name = "[CP] Embed Pods Frameworks";
			outputFileListPaths = (
				"${PODS_ROOT}/Target Support Files/Pods-BinkRecipes/Pods-BinkRecipes-frameworks-${CONFIGURATION}-output-files.xcfilelist",
			);
			runOnlyForDeploymentPostprocessing = 0;
			shellPath = /bin/sh;
			shellScript = "\"${PODS_ROOT}/Target Support Files/Pods-BinkRecipes/Pods-BinkRecipes-frameworks.sh\"\n";
			showEnvVarsInLog = 0;
		};
		5260B0A0B62E7C28CD27DFC8 /* [CP] Check Pods Manifest.lock */ = {
			isa = PBXShellScriptBuildPhase;
			buildActionMask = 2147483647;
			files = (
			);
			inputFileListPaths = (
			);
			inputPaths = (
				"${PODS_PODFILE_DIR_PATH}/Podfile.lock",
				"${PODS_ROOT}/Manifest.lock",
			);
			name = "[CP] Check Pods Manifest.lock";
			outputFileListPaths = (
			);
			outputPaths = (
				"$(DERIVED_FILE_DIR)/Pods-BinkRecipes-checkManifestLockResult.txt",
			);
			runOnlyForDeploymentPostprocessing = 0;
			shellPath = /bin/sh;
			shellScript = "diff \"${PODS_PODFILE_DIR_PATH}/Podfile.lock\" \"${PODS_ROOT}/Manifest.lock\" > /dev/null\nif [ $? != 0 ] ; then\n    # print error to STDERR\n    echo \"error: The sandbox is not in sync with the Podfile.lock. Run 'pod install' or update your CocoaPods installation.\" >&2\n    exit 1\nfi\n# This output is used by Xcode 'outputs' to avoid re-running this script phase.\necho \"SUCCESS\" > \"${SCRIPT_OUTPUT_FILE_0}\"\n";
			showEnvVarsInLog = 0;
		};
		F7E236E747ADD210731C4495 /* [CP] Check Pods Manifest.lock */ = {
			isa = PBXShellScriptBuildPhase;
			buildActionMask = 2147483647;
			files = (
			);
			inputFileListPaths = (
			);
			inputPaths = (
				"${PODS_PODFILE_DIR_PATH}/Podfile.lock",
				"${PODS_ROOT}/Manifest.lock",
			);
			name = "[CP] Check Pods Manifest.lock";
			outputFileListPaths = (
			);
			outputPaths = (
				"$(DERIVED_FILE_DIR)/Pods-BinkRecipesTests-checkManifestLockResult.txt",
			);
			runOnlyForDeploymentPostprocessing = 0;
			shellPath = /bin/sh;
			shellScript = "diff \"${PODS_PODFILE_DIR_PATH}/Podfile.lock\" \"${PODS_ROOT}/Manifest.lock\" > /dev/null\nif [ $? != 0 ] ; then\n    # print error to STDERR\n    echo \"error: The sandbox is not in sync with the Podfile.lock. Run 'pod install' or update your CocoaPods installation.\" >&2\n    exit 1\nfi\n# This output is used by Xcode 'outputs' to avoid re-running this script phase.\necho \"SUCCESS\" > \"${SCRIPT_OUTPUT_FILE_0}\"\n";
			showEnvVarsInLog = 0;
		};
/* End PBXShellScriptBuildPhase section */

/* Begin PBXSourcesBuildPhase section */
		CEC90FB2250F715900A1607F /* Sources */ = {
			isa = PBXSourcesBuildPhase;
			buildActionMask = 2147483647;
			files = (
				CEC90FED250F72A400A1607F /* Services.swift in Sources */,
				CEC90FBE250F715900A1607F /* CategoriesViewController.swift in Sources */,
				CEC91000250FC86000A1607F /* MealDetailViewController.swift in Sources */,
				CEC90FFE250FB4B100A1607F /* MealViewModel.swift in Sources */,
				CE5DDBA925123D8500E61679 /* UIViewControllerExtension .swift in Sources */,
				CEC90FBA250F715900A1607F /* AppDelegate.swift in Sources */,
				CEC90FBC250F715900A1607F /* SceneDelegate.swift in Sources */,
				CEC90FF8250F978A00A1607F /* CategoryViewModel.swift in Sources */,
				CEC90FFA250FB3A500A1607F /* MealTableViewCell.swift in Sources */,
				CEC90FF4250F7B2900A1607F /* MealDB.swift in Sources */,
				CEC90FFC250FB3C300A1607F /* MealsViewController.swift in Sources */,
				CEC90FF6250F83B800A1607F /* CategoryCollectionViewCell.swift in Sources */,
				CEC90FC4250F715900A1607F /* BinkRecipes.xcdatamodeld in Sources */,
				CEC91002250FCBF200A1607F /* RecipeViewModel.swift in Sources */,
			);
			runOnlyForDeploymentPostprocessing = 0;
		};
		CEC90FCB250F715C00A1607F /* Sources */ = {
			isa = PBXSourcesBuildPhase;
			buildActionMask = 2147483647;
			files = (
				CEC90FD4250F715C00A1607F /* BinkRecipesTests.swift in Sources */,
			);
			runOnlyForDeploymentPostprocessing = 0;
		};
/* End PBXSourcesBuildPhase section */

/* Begin PBXTargetDependency section */
		CEC90FD1250F715C00A1607F /* PBXTargetDependency */ = {
			isa = PBXTargetDependency;
			target = CEC90FB5250F715900A1607F /* BinkRecipes */;
			targetProxy = CEC90FD0250F715C00A1607F /* PBXContainerItemProxy */;
		};
/* End PBXTargetDependency section */

/* Begin PBXVariantGroup section */
		CEC90FBF250F715900A1607F /* Main.storyboard */ = {
			isa = PBXVariantGroup;
			children = (
				CEC90FC0250F715900A1607F /* Base */,
			);
			name = Main.storyboard;
			sourceTree = "<group>";
		};
		CEC90FC7250F715C00A1607F /* LaunchScreen.storyboard */ = {
			isa = PBXVariantGroup;
			children = (
				CEC90FC8250F715C00A1607F /* Base */,
			);
			name = LaunchScreen.storyboard;
			sourceTree = "<group>";
		};
/* End PBXVariantGroup section */

/* Begin XCBuildConfiguration section */
		CEC90FE1250F715C00A1607F /* Debug */ = {
			isa = XCBuildConfiguration;
			buildSettings = {
				ALWAYS_SEARCH_USER_PATHS = NO;
				CLANG_ANALYZER_NONNULL = YES;
				CLANG_ANALYZER_NUMBER_OBJECT_CONVERSION = YES_AGGRESSIVE;
				CLANG_CXX_LANGUAGE_STANDARD = "gnu++14";
				CLANG_CXX_LIBRARY = "libc++";
				CLANG_ENABLE_MODULES = YES;
				CLANG_ENABLE_OBJC_ARC = YES;
				CLANG_ENABLE_OBJC_WEAK = YES;
				CLANG_WARN_BLOCK_CAPTURE_AUTORELEASING = YES;
				CLANG_WARN_BOOL_CONVERSION = YES;
				CLANG_WARN_COMMA = YES;
				CLANG_WARN_CONSTANT_CONVERSION = YES;
				CLANG_WARN_DEPRECATED_OBJC_IMPLEMENTATIONS = YES;
				CLANG_WARN_DIRECT_OBJC_ISA_USAGE = YES_ERROR;
				CLANG_WARN_DOCUMENTATION_COMMENTS = YES;
				CLANG_WARN_EMPTY_BODY = YES;
				CLANG_WARN_ENUM_CONVERSION = YES;
				CLANG_WARN_INFINITE_RECURSION = YES;
				CLANG_WARN_INT_CONVERSION = YES;
				CLANG_WARN_NON_LITERAL_NULL_CONVERSION = YES;
				CLANG_WARN_OBJC_IMPLICIT_RETAIN_SELF = YES;
				CLANG_WARN_OBJC_LITERAL_CONVERSION = YES;
				CLANG_WARN_OBJC_ROOT_CLASS = YES_ERROR;
				CLANG_WARN_RANGE_LOOP_ANALYSIS = YES;
				CLANG_WARN_STRICT_PROTOTYPES = YES;
				CLANG_WARN_SUSPICIOUS_MOVE = YES;
				CLANG_WARN_UNGUARDED_AVAILABILITY = YES_AGGRESSIVE;
				CLANG_WARN_UNREACHABLE_CODE = YES;
				CLANG_WARN__DUPLICATE_METHOD_MATCH = YES;
				COPY_PHASE_STRIP = NO;
				DEBUG_INFORMATION_FORMAT = dwarf;
				ENABLE_STRICT_OBJC_MSGSEND = YES;
				ENABLE_TESTABILITY = YES;
				GCC_C_LANGUAGE_STANDARD = gnu11;
				GCC_DYNAMIC_NO_PIC = NO;
				GCC_NO_COMMON_BLOCKS = YES;
				GCC_OPTIMIZATION_LEVEL = 0;
				GCC_PREPROCESSOR_DEFINITIONS = (
					"DEBUG=1",
					"$(inherited)",
				);
				GCC_WARN_64_TO_32_BIT_CONVERSION = YES;
				GCC_WARN_ABOUT_RETURN_TYPE = YES_ERROR;
				GCC_WARN_UNDECLARED_SELECTOR = YES;
				GCC_WARN_UNINITIALIZED_AUTOS = YES_AGGRESSIVE;
				GCC_WARN_UNUSED_FUNCTION = YES;
				GCC_WARN_UNUSED_VARIABLE = YES;
				IPHONEOS_DEPLOYMENT_TARGET = 13.6;
				MTL_ENABLE_DEBUG_INFO = INCLUDE_SOURCE;
				MTL_FAST_MATH = YES;
				ONLY_ACTIVE_ARCH = YES;
				SDKROOT = iphoneos;
				SWIFT_ACTIVE_COMPILATION_CONDITIONS = DEBUG;
				SWIFT_OPTIMIZATION_LEVEL = "-Onone";
			};
			name = Debug;
		};
		CEC90FE2250F715C00A1607F /* Release */ = {
			isa = XCBuildConfiguration;
			buildSettings = {
				ALWAYS_SEARCH_USER_PATHS = NO;
				CLANG_ANALYZER_NONNULL = YES;
				CLANG_ANALYZER_NUMBER_OBJECT_CONVERSION = YES_AGGRESSIVE;
				CLANG_CXX_LANGUAGE_STANDARD = "gnu++14";
				CLANG_CXX_LIBRARY = "libc++";
				CLANG_ENABLE_MODULES = YES;
				CLANG_ENABLE_OBJC_ARC = YES;
				CLANG_ENABLE_OBJC_WEAK = YES;
				CLANG_WARN_BLOCK_CAPTURE_AUTORELEASING = YES;
				CLANG_WARN_BOOL_CONVERSION = YES;
				CLANG_WARN_COMMA = YES;
				CLANG_WARN_CONSTANT_CONVERSION = YES;
				CLANG_WARN_DEPRECATED_OBJC_IMPLEMENTATIONS = YES;
				CLANG_WARN_DIRECT_OBJC_ISA_USAGE = YES_ERROR;
				CLANG_WARN_DOCUMENTATION_COMMENTS = YES;
				CLANG_WARN_EMPTY_BODY = YES;
				CLANG_WARN_ENUM_CONVERSION = YES;
				CLANG_WARN_INFINITE_RECURSION = YES;
				CLANG_WARN_INT_CONVERSION = YES;
				CLANG_WARN_NON_LITERAL_NULL_CONVERSION = YES;
				CLANG_WARN_OBJC_IMPLICIT_RETAIN_SELF = YES;
				CLANG_WARN_OBJC_LITERAL_CONVERSION = YES;
				CLANG_WARN_OBJC_ROOT_CLASS = YES_ERROR;
				CLANG_WARN_RANGE_LOOP_ANALYSIS = YES;
				CLANG_WARN_STRICT_PROTOTYPES = YES;
				CLANG_WARN_SUSPICIOUS_MOVE = YES;
				CLANG_WARN_UNGUARDED_AVAILABILITY = YES_AGGRESSIVE;
				CLANG_WARN_UNREACHABLE_CODE = YES;
				CLANG_WARN__DUPLICATE_METHOD_MATCH = YES;
				COPY_PHASE_STRIP = NO;
				DEBUG_INFORMATION_FORMAT = "dwarf-with-dsym";
				ENABLE_NS_ASSERTIONS = NO;
				ENABLE_STRICT_OBJC_MSGSEND = YES;
				GCC_C_LANGUAGE_STANDARD = gnu11;
				GCC_NO_COMMON_BLOCKS = YES;
				GCC_WARN_64_TO_32_BIT_CONVERSION = YES;
				GCC_WARN_ABOUT_RETURN_TYPE = YES_ERROR;
				GCC_WARN_UNDECLARED_SELECTOR = YES;
				GCC_WARN_UNINITIALIZED_AUTOS = YES_AGGRESSIVE;
				GCC_WARN_UNUSED_FUNCTION = YES;
				GCC_WARN_UNUSED_VARIABLE = YES;
				IPHONEOS_DEPLOYMENT_TARGET = 13.6;
				MTL_ENABLE_DEBUG_INFO = NO;
				MTL_FAST_MATH = YES;
				SDKROOT = iphoneos;
				SWIFT_COMPILATION_MODE = wholemodule;
				SWIFT_OPTIMIZATION_LEVEL = "-O";
				VALIDATE_PRODUCT = YES;
			};
			name = Release;
		};
		CEC90FE4250F715C00A1607F /* Debug */ = {
			isa = XCBuildConfiguration;
			baseConfigurationReference = 9229A8E72ED581025C1C010D /* Pods-BinkRecipes.debug.xcconfig */;
			buildSettings = {
				ASSETCATALOG_COMPILER_APPICON_NAME = AppIcon;
				CODE_SIGN_STYLE = Automatic;
				DEVELOPMENT_TEAM = DN4729AK8V;
				INFOPLIST_FILE = BinkRecipes/Info.plist;
				LD_RUNPATH_SEARCH_PATHS = (
					"$(inherited)",
					"@executable_path/Frameworks",
				);
				PRODUCT_BUNDLE_IDENTIFIER = com.seanwilliams.BinkRecipes;
				PRODUCT_NAME = "$(TARGET_NAME)";
				SWIFT_VERSION = 5.0;
				TARGETED_DEVICE_FAMILY = "1,2";
			};
			name = Debug;
		};
		CEC90FE5250F715C00A1607F /* Release */ = {
			isa = XCBuildConfiguration;
			baseConfigurationReference = 1591E49AD8EBDF8F2F40B194 /* Pods-BinkRecipes.release.xcconfig */;
			buildSettings = {
				ASSETCATALOG_COMPILER_APPICON_NAME = AppIcon;
				CODE_SIGN_STYLE = Automatic;
				DEVELOPMENT_TEAM = DN4729AK8V;
				INFOPLIST_FILE = BinkRecipes/Info.plist;
				LD_RUNPATH_SEARCH_PATHS = (
					"$(inherited)",
					"@executable_path/Frameworks",
				);
				PRODUCT_BUNDLE_IDENTIFIER = com.seanwilliams.BinkRecipes;
				PRODUCT_NAME = "$(TARGET_NAME)";
				SWIFT_VERSION = 5.0;
				TARGETED_DEVICE_FAMILY = "1,2";
			};
			name = Release;
		};
		CEC90FE7250F715C00A1607F /* Debug */ = {
			isa = XCBuildConfiguration;
			baseConfigurationReference = 7009445EE7118094AD2E8D42 /* Pods-BinkRecipesTests.debug.xcconfig */;
			buildSettings = {
				ALWAYS_EMBED_SWIFT_STANDARD_LIBRARIES = YES;
				BUNDLE_LOADER = "$(TEST_HOST)";
				CODE_SIGN_STYLE = Automatic;
				DEVELOPMENT_TEAM = DN4729AK8V;
				INFOPLIST_FILE = BinkRecipesTests/Info.plist;
				IPHONEOS_DEPLOYMENT_TARGET = 13.6;
				LD_RUNPATH_SEARCH_PATHS = (
					"$(inherited)",
					"@executable_path/Frameworks",
					"@loader_path/Frameworks",
				);
				PRODUCT_BUNDLE_IDENTIFIER = com.seanwilliams.BinkRecipesTests;
				PRODUCT_NAME = "$(TARGET_NAME)";
				SWIFT_VERSION = 5.0;
				TARGETED_DEVICE_FAMILY = "1,2";
				TEST_HOST = "$(BUILT_PRODUCTS_DIR)/BinkRecipes.app/BinkRecipes";
			};
			name = Debug;
		};
		CEC90FE8250F715C00A1607F /* Release */ = {
			isa = XCBuildConfiguration;
			baseConfigurationReference = 2189507BF6712F90E63A6304 /* Pods-BinkRecipesTests.release.xcconfig */;
			buildSettings = {
				ALWAYS_EMBED_SWIFT_STANDARD_LIBRARIES = YES;
				BUNDLE_LOADER = "$(TEST_HOST)";
				CODE_SIGN_STYLE = Automatic;
				DEVELOPMENT_TEAM = DN4729AK8V;
				INFOPLIST_FILE = BinkRecipesTests/Info.plist;
				IPHONEOS_DEPLOYMENT_TARGET = 13.6;
				LD_RUNPATH_SEARCH_PATHS = (
					"$(inherited)",
					"@executable_path/Frameworks",
					"@loader_path/Frameworks",
				);
				PRODUCT_BUNDLE_IDENTIFIER = com.seanwilliams.BinkRecipesTests;
				PRODUCT_NAME = "$(TARGET_NAME)";
				SWIFT_VERSION = 5.0;
				TARGETED_DEVICE_FAMILY = "1,2";
				TEST_HOST = "$(BUILT_PRODUCTS_DIR)/BinkRecipes.app/BinkRecipes";
			};
			name = Release;
		};
/* End XCBuildConfiguration section */

/* Begin XCConfigurationList section */
		CEC90FB1250F715900A1607F /* Build configuration list for PBXProject "BinkRecipes" */ = {
			isa = XCConfigurationList;
			buildConfigurations = (
				CEC90FE1250F715C00A1607F /* Debug */,
				CEC90FE2250F715C00A1607F /* Release */,
			);
			defaultConfigurationIsVisible = 0;
			defaultConfigurationName = Release;
		};
		CEC90FE3250F715C00A1607F /* Build configuration list for PBXNativeTarget "BinkRecipes" */ = {
			isa = XCConfigurationList;
			buildConfigurations = (
				CEC90FE4250F715C00A1607F /* Debug */,
				CEC90FE5250F715C00A1607F /* Release */,
			);
			defaultConfigurationIsVisible = 0;
			defaultConfigurationName = Release;
		};
		CEC90FE6250F715C00A1607F /* Build configuration list for PBXNativeTarget "BinkRecipesTests" */ = {
			isa = XCConfigurationList;
			buildConfigurations = (
				CEC90FE7250F715C00A1607F /* Debug */,
				CEC90FE8250F715C00A1607F /* Release */,
			);
			defaultConfigurationIsVisible = 0;
			defaultConfigurationName = Release;
		};
/* End XCConfigurationList section */

/* Begin XCVersionGroup section */
		CEC90FC2250F715900A1607F /* BinkRecipes.xcdatamodeld */ = {
			isa = XCVersionGroup;
			children = (
				CEC90FC3250F715900A1607F /* BinkRecipes.xcdatamodel */,
			);
			currentVersion = CEC90FC3250F715900A1607F /* BinkRecipes.xcdatamodel */;
			path = BinkRecipes.xcdatamodeld;
			sourceTree = "<group>";
			versionGroupType = wrapper.xcdatamodel;
		};
/* End XCVersionGroup section */
	};
	rootObject = CEC90FAE250F715900A1607F /* Project object */;
}
